
Microsoft Visual Studio Solution File, Format Version 12.00
# Visual Studio Version 16
VisualStudioVersion = 16.0.33328.57
MinimumVisualStudioVersion = 10.0.40219.1
Project("{FAE04EC0-301F-11D3-BF4B-00C04F79EFBC}") = "StateSyncServer", "StateSyncServer\StateSyncServer.csproj", "{0F3EA6AD-53A0-4A79-8099-9E18293EF731}"
EndProject
Project("{FAE04EC0-301F-11D3-BF4B-00C04F79EFBC}") = "StateSyncServerTests", "StateSyncServerTests\StateSyncServerTests.csproj", "{AFCE2057-F6FD-4AC9-9DAA-C9B8A4D9B009}"
EndProject
Global
	GlobalSection(SolutionConfigurationPlatforms) = preSolution
		Debug|Any CPU = Debug|Any CPU
		Release|Any CPU = Release|Any CPU
	EndGlobalSection
	GlobalSection(ProjectConfigurationPlatforms) = postSolution
		{0F3EA6AD-53A0-4A79-8099-9E18293EF731}.Debug|Any CPU.ActiveCfg = Debug|Any CPU
		{0F3EA6AD-53A0-4A79-8099-9E18293EF731}.Debug|Any CPU.Build.0 = Debug|Any CPU
		{0F3EA6AD-53A0-4A79-8099-9E18293EF731}.Release|Any CPU.ActiveCfg = Release|Any CPU
		{0F3EA6AD-53A0-4A79-8099-9E18293EF731}.Release|Any CPU.Build.0 = Release|Any CPU
		{AFCE2057-F6FD-4AC9-9DAA-C9B8A4D9B009}.Debug|Any CPU.ActiveCfg = Debug|Any CPU
		{AFCE2057-F6FD-4AC9-9DAA-C9B8A4D9B009}.Debug|Any CPU.Build.0 = Debug|Any CPU
		{AFCE2057-F6FD-4AC9-9DAA-C9B8A4D9B009}.Release|Any CPU.ActiveCfg = Release|Any CPU
		{AFCE2057-F6FD-4AC9-9DAA-C9B8A4D9B009}.Release|Any CPU.Build.0 = Release|Any CPU
	EndGlobalSection
	GlobalSection(SolutionProperties) = preSolution
		HideSolutionNode = FALSE
	EndGlobalSection
	GlobalSection(ExtensibilityGlobals) = postSolution
		SolutionGuid = {502E91FF-6651-4FB0-89D7-FCB8E041F5B9}
	EndGlobalSection
EndGlobal
